// !$*UTF8*$!
{
	archiveVersion = 1;
	classes = {
	};
	objectVersion = 55;
	objects = {

/* Begin PBXBuildFile section */
		1850DAEC28033221008B7D77 /* LocationManagerCode.swift in Sources */ = {isa = PBXBuildFile; fileRef = 1850DAEB28033221008B7D77 /* LocationManagerCode.swift */; };
		1850DAEE28033451008B7D77 /* NetworkingFile.swift in Sources */ = {isa = PBXBuildFile; fileRef = 1850DAED28033451008B7D77 /* NetworkingFile.swift */; };
		1850DAF0280337FD008B7D77 /* CurrentWeatherModel.swift in Sources */ = {isa = PBXBuildFile; fileRef = 1850DAEF280337FD008B7D77 /* CurrentWeatherModel.swift */; };
		1891DA7827FA191200345285 /* AppDelegate.swift in Sources */ = {isa = PBXBuildFile; fileRef = 1891DA7727FA191200345285 /* AppDelegate.swift */; };
		1891DA7A27FA191200345285 /* SceneDelegate.swift in Sources */ = {isa = PBXBuildFile; fileRef = 1891DA7927FA191200345285 /* SceneDelegate.swift */; };
		1891DA7C27FA191200345285 /* ViewController.swift in Sources */ = {isa = PBXBuildFile; fileRef = 1891DA7B27FA191200345285 /* ViewController.swift */; };
		1891DA7F27FA191300345285 /* Main.storyboard in Resources */ = {isa = PBXBuildFile; fileRef = 1891DA7D27FA191300345285 /* Main.storyboard */; };
		1891DA8127FA191900345285 /* Assets.xcassets in Resources */ = {isa = PBXBuildFile; fileRef = 1891DA8027FA191900345285 /* Assets.xcassets */; };
		1891DA8427FA191900345285 /* LaunchScreen.storyboard in Resources */ = {isa = PBXBuildFile; fileRef = 1891DA8227FA191900345285 /* LaunchScreen.storyboard */; };
		1891DA8E27FA241C00345285 /* TableViewCode.swift in Sources */ = {isa = PBXBuildFile; fileRef = 1891DA8D27FA241C00345285 /* TableViewCode.swift */; };
		1891DA9127FA2ADC00345285 /* APIUrls.swift in Sources */ = {isa = PBXBuildFile; fileRef = 1891DA9027FA2ADC00345285 /* APIUrls.swift */; };
		1891DA9327FA2B2E00345285 /* APICalls.swift in Sources */ = {isa = PBXBuildFile; fileRef = 1891DA9227FA2B2E00345285 /* APICalls.swift */; };
		1891DA9627FA2BFD00345285 /* LocationModel.swift in Sources */ = {isa = PBXBuildFile; fileRef = 1891DA9527FA2BFD00345285 /* LocationModel.swift */; };
		1891DA9827FA2C4D00345285 /* APIKey.swift in Sources */ = {isa = PBXBuildFile; fileRef = 1891DA9727FA2C4D00345285 /* APIKey.swift */; };
		29F785FE9A9CA89EAF904F7B /* Pods_Weather365.framework in Frameworks */ = {isa = PBXBuildFile; fileRef = 3676623393D56C491558B88E /* Pods_Weather365.framework */; };
/* End PBXBuildFile section */

/* Begin PBXFileReference section */
		1850DAEB28033221008B7D77 /* LocationManagerCode.swift */ = {isa = PBXFileReference; lastKnownFileType = sourcecode.swift; path = LocationManagerCode.swift; sourceTree = "<group>"; };
		1850DAED28033451008B7D77 /* NetworkingFile.swift */ = {isa = PBXFileReference; lastKnownFileType = sourcecode.swift; path = NetworkingFile.swift; sourceTree = "<group>"; };
		1850DAEF280337FD008B7D77 /* CurrentWeatherModel.swift */ = {isa = PBXFileReference; lastKnownFileType = sourcecode.swift; path = CurrentWeatherModel.swift; sourceTree = "<group>"; };
		1891DA7427FA191200345285 /* Weather365.app */ = {isa = PBXFileReference; explicitFileType = wrapper.application; includeInIndex = 0; path = Weather365.app; sourceTree = BUILT_PRODUCTS_DIR; };
		1891DA7727FA191200345285 /* AppDelegate.swift */ = {isa = PBXFileReference; lastKnownFileType = sourcecode.swift; path = AppDelegate.swift; sourceTree = "<group>"; };
		1891DA7927FA191200345285 /* SceneDelegate.swift */ = {isa = PBXFileReference; lastKnownFileType = sourcecode.swift; path = SceneDelegate.swift; sourceTree = "<group>"; };
		1891DA7B27FA191200345285 /* ViewController.swift */ = {isa = PBXFileReference; lastKnownFileType = sourcecode.swift; path = ViewController.swift; sourceTree = "<group>"; };
		1891DA7E27FA191300345285 /* Base */ = {isa = PBXFileReference; lastKnownFileType = file.storyboard; name = Base; path = Base.lproj/Main.storyboard; sourceTree = "<group>"; };
		1891DA8027FA191900345285 /* Assets.xcassets */ = {isa = PBXFileReference; lastKnownFileType = folder.assetcatalog; path = Assets.xcassets; sourceTree = "<group>"; };
		1891DA8327FA191900345285 /* Base */ = {isa = PBXFileReference; lastKnownFileType = file.storyboard; name = Base; path = Base.lproj/LaunchScreen.storyboard; sourceTree = "<group>"; };
		1891DA8527FA191900345285 /* Info.plist */ = {isa = PBXFileReference; lastKnownFileType = text.plist.xml; path = Info.plist; sourceTree = "<group>"; };
		1891DA8D27FA241C00345285 /* TableViewCode.swift */ = {isa = PBXFileReference; lastKnownFileType = sourcecode.swift; path = TableViewCode.swift; sourceTree = "<group>"; };
		1891DA9027FA2ADC00345285 /* APIUrls.swift */ = {isa = PBXFileReference; lastKnownFileType = sourcecode.swift; path = APIUrls.swift; sourceTree = "<group>"; };
		1891DA9227FA2B2E00345285 /* APICalls.swift */ = {isa = PBXFileReference; lastKnownFileType = sourcecode.swift; path = APICalls.swift; sourceTree = "<group>"; };
		1891DA9527FA2BFD00345285 /* LocationModel.swift */ = {isa = PBXFileReference; lastKnownFileType = sourcecode.swift; path = LocationModel.swift; sourceTree = "<group>"; };
		1891DA9727FA2C4D00345285 /* APIKey.swift */ = {isa = PBXFileReference; lastKnownFileType = sourcecode.swift; path = APIKey.swift; sourceTree = "<group>"; };
		24C4650C1FE6655F3A3F695D /* Pods-Weather365.debug.xcconfig */ = {isa = PBXFileReference; includeInIndex = 1; lastKnownFileType = text.xcconfig; name = "Pods-Weather365.debug.xcconfig"; path = "Target Support Files/Pods-Weather365/Pods-Weather365.debug.xcconfig"; sourceTree = "<group>"; };
		3676623393D56C491558B88E /* Pods_Weather365.framework */ = {isa = PBXFileReference; explicitFileType = wrapper.framework; includeInIndex = 0; path = Pods_Weather365.framework; sourceTree = BUILT_PRODUCTS_DIR; };
		611E477ACD38951B0C25E07F /* Pods-Weather365.release.xcconfig */ = {isa = PBXFileReference; includeInIndex = 1; lastKnownFileType = text.xcconfig; name = "Pods-Weather365.release.xcconfig"; path = "Target Support Files/Pods-Weather365/Pods-Weather365.release.xcconfig"; sourceTree = "<group>"; };
/* End PBXFileReference section */

/* Begin PBXFrameworksBuildPhase section */
		1891DA7127FA191200345285 /* Frameworks */ = {
			isa = PBXFrameworksBuildPhase;
			buildActionMask = 2147483647;
			files = (
				29F785FE9A9CA89EAF904F7B /* Pods_Weather365.framework in Frameworks */,
			);
			runOnlyForDeploymentPostprocessing = 0;
		};
/* End PBXFrameworksBuildPhase section */

/* Begin PBXGroup section */
		1891DA6B27FA191200345285 = {
			isa = PBXGroup;
			children = (
				1891DA7627FA191200345285 /* Weather365 */,
				1891DA7527FA191200345285 /* Products */,
				79222E7156C42D9B79A57776 /* Pods */,
				5B891F5DEB240F404FB7C18B /* Frameworks */,
			);
			sourceTree = "<group>";
		};
		1891DA7527FA191200345285 /* Products */ = {
			isa = PBXGroup;
			children = (
				1891DA7427FA191200345285 /* Weather365.app */,
			);
			name = Products;
			sourceTree = "<group>";
		};
		1891DA7627FA191200345285 /* Weather365 */ = {
			isa = PBXGroup;
			children = (
				1891DA9427FA2B9000345285 /* Model */,
				1891DA8F27FA2ABE00345285 /* Utilities */,
				1891DA8C27FA23D600345285 /* InitialController */,
				1891DA7727FA191200345285 /* AppDelegate.swift */,
				1891DA7927FA191200345285 /* SceneDelegate.swift */,
				1891DA8027FA191900345285 /* Assets.xcassets */,
				1891DA8227FA191900345285 /* LaunchScreen.storyboard */,
				1891DA8527FA191900345285 /* Info.plist */,
			);
			path = Weather365;
			sourceTree = "<group>";
		};
		1891DA8C27FA23D600345285 /* InitialController */ = {
			isa = PBXGroup;
			children = (
				1891DA7D27FA191300345285 /* Main.storyboard */,
				1891DA7B27FA191200345285 /* ViewController.swift */,
				1891DA8D27FA241C00345285 /* TableViewCode.swift */,
				1891DA9227FA2B2E00345285 /* APICalls.swift */,
				1850DAEB28033221008B7D77 /* LocationManagerCode.swift */,
				1850DAED28033451008B7D77 /* NetworkingFile.swift */,
			);
			path = InitialController;
			sourceTree = "<group>";
		};
		1891DA8F27FA2ABE00345285 /* Utilities */ = {
			isa = PBXGroup;
			children = (
				1891DA9027FA2ADC00345285 /* APIUrls.swift */,
				1891DA9727FA2C4D00345285 /* APIKey.swift */,
			);
			path = Utilities;
			sourceTree = "<group>";
		};
		1891DA9427FA2B9000345285 /* Model */ = {
			isa = PBXGroup;
			children = (
				1891DA9527FA2BFD00345285 /* LocationModel.swift */,
				1850DAEF280337FD008B7D77 /* CurrentWeatherModel.swift */,
			);
			path = Model;
			sourceTree = "<group>";
		};
		5B891F5DEB240F404FB7C18B /* Frameworks */ = {
			isa = PBXGroup;
			children = (
				3676623393D56C491558B88E /* Pods_Weather365.framework */,
			);
			name = Frameworks;
			sourceTree = "<group>";
		};
		79222E7156C42D9B79A57776 /* Pods */ = {
			isa = PBXGroup;
			children = (
				24C4650C1FE6655F3A3F695D /* Pods-Weather365.debug.xcconfig */,
				611E477ACD38951B0C25E07F /* Pods-Weather365.release.xcconfig */,
			);
			path = Pods;
			sourceTree = "<group>";
		};
/* End PBXGroup section */

/* Begin PBXNativeTarget section */
		1891DA7327FA191200345285 /* Weather365 */ = {
			isa = PBXNativeTarget;
			buildConfigurationList = 1891DA8827FA191900345285 /* Build configuration list for PBXNativeTarget "Weather365" */;
			buildPhases = (
				6246284D38F9321057209C3E /* [CP] Check Pods Manifest.lock */,
				1891DA7027FA191200345285 /* Sources */,
				1891DA7127FA191200345285 /* Frameworks */,
				1891DA7227FA191200345285 /* Resources */,
				BA69669ED124FA1839EAF679 /* [CP] Embed Pods Frameworks */,
			);
			buildRules = (
			);
			dependencies = (
			);
			name = Weather365;
			productName = Weather365;
			productReference = 1891DA7427FA191200345285 /* Weather365.app */;
			productType = "com.apple.product-type.application";
		};
/* End PBXNativeTarget section */

/* Begin PBXProject section */
		1891DA6C27FA191200345285 /* Project object */ = {
			isa = PBXProject;
			attributes = {
				BuildIndependentTargetsInParallel = 1;
				LastSwiftUpdateCheck = 1320;
				LastUpgradeCheck = 1320;
				TargetAttributes = {
					1891DA7327FA191200345285 = {
						CreatedOnToolsVersion = 13.2.1;
					};
				};
			};
			buildConfigurationList = 1891DA6F27FA191200345285 /* Build configuration list for PBXProject "Weather365" */;
			compatibilityVersion = "Xcode 13.0";
			developmentRegion = en;
			hasScannedForEncodings = 0;
			knownRegions = (
				en,
				Base,
			);
			mainGroup = 1891DA6B27FA191200345285;
			productRefGroup = 1891DA7527FA191200345285 /* Products */;
			projectDirPath = "";
			projectRoot = "";
			targets = (
				1891DA7327FA191200345285 /* Weather365 */,
			);
		};
/* End PBXProject section */

/* Begin PBXResourcesBuildPhase section */
		1891DA7227FA191200345285 /* Resources */ = {
			isa = PBXResourcesBuildPhase;
			buildActionMask = 2147483647;
			files = (
				1891DA8427FA191900345285 /* LaunchScreen.storyboard in Resources */,
				1891DA8127FA191900345285 /* Assets.xcassets in Resources */,
				1891DA7F27FA191300345285 /* Main.storyboard in Resources */,
			);
			runOnlyForDeploymentPostprocessing = 0;
		};
/* End PBXResourcesBuildPhase section */

/* Begin PBXShellScriptBuildPhase section */
		6246284D38F9321057209C3E /* [CP] Check Pods Manifest.lock */ = {
			isa = PBXShellScriptBuildPhase;
			buildActionMask = 2147483647;
			files = (
			);
			inputFileListPaths = (
			);
			inputPaths = (
				"${PODS_PODFILE_DIR_PATH}/Podfile.lock",
				"${PODS_ROOT}/Manifest.lock",
			);
			name = "[CP] Check Pods Manifest.lock";
			outputFileListPaths = (
			);
			outputPaths = (
				"$(DERIVED_FILE_DIR)/Pods-Weather365-checkManifestLockResult.txt",
			);
			runOnlyForDeploymentPostprocessing = 0;
			shellPath = /bin/sh;
			shellScript = "diff \"${PODS_PODFILE_DIR_PATH}/Podfile.lock\" \"${PODS_ROOT}/Manifest.lock\" > /dev/null\nif [ $? != 0 ] ; then\n    # print error to STDERR\n    echo \"error: The sandbox is not in sync with the Podfile.lock. Run 'pod install' or update your CocoaPods installation.\" >&2\n    exit 1\nfi\n# This output is used by Xcode 'outputs' to avoid re-running this script phase.\necho \"SUCCESS\" > \"${SCRIPT_OUTPUT_FILE_0}\"\n";
			showEnvVarsInLog = 0;
		};
		BA69669ED124FA1839EAF679 /* [CP] Embed Pods Frameworks */ = {
			isa = PBXShellScriptBuildPhase;
			buildActionMask = 2147483647;
			files = (
			);
			inputFileListPaths = (
				"${PODS_ROOT}/Target Support Files/Pods-Weather365/Pods-Weather365-frameworks-${CONFIGURATION}-input-files.xcfilelist",
			);
			name = "[CP] Embed Pods Frameworks";
			outputFileListPaths = (
				"${PODS_ROOT}/Target Support Files/Pods-Weather365/Pods-Weather365-frameworks-${CONFIGURATION}-output-files.xcfilelist",
			);
			runOnlyForDeploymentPostprocessing = 0;
			shellPath = /bin/sh;
			shellScript = "\"${PODS_ROOT}/Target Support Files/Pods-Weather365/Pods-Weather365-frameworks.sh\"\n";
			showEnvVarsInLog = 0;
		};
/* End PBXShellScriptBuildPhase section */

/* Begin PBXSourcesBuildPhase section */
		1891DA7027FA191200345285 /* Sources */ = {
			isa = PBXSourcesBuildPhase;
			buildActionMask = 2147483647;
			files = (
				1891DA8E27FA241C00345285 /* TableViewCode.swift in Sources */,
				1850DAF0280337FD008B7D77 /* CurrentWeatherModel.swift in Sources */,
				1850DAEE28033451008B7D77 /* NetworkingFile.swift in Sources */,
				1891DA9127FA2ADC00345285 /* APIUrls.swift in Sources */,
				1891DA9827FA2C4D00345285 /* APIKey.swift in Sources */,
				1891DA9327FA2B2E00345285 /* APICalls.swift in Sources */,
				1891DA7C27FA191200345285 /* ViewController.swift in Sources */,
				1891DA7827FA191200345285 /* AppDelegate.swift in Sources */,
				1891DA9627FA2BFD00345285 /* LocationModel.swift in Sources */,
				1850DAEC28033221008B7D77 /* LocationManagerCode.swift in Sources */,
				1891DA7A27FA191200345285 /* SceneDelegate.swift in Sources */,
			);
			runOnlyForDeploymentPostprocessing = 0;
		};
/* End PBXSourcesBuildPhase section */

/* Begin PBXVariantGroup section */
		1891DA7D27FA191300345285 /* Main.storyboard */ = {
			isa = PBXVariantGroup;
			children = (
				1891DA7E27FA191300345285 /* Base */,
			);
			name = Main.storyboard;
			sourceTree = "<group>";
		};
		1891DA8227FA191900345285 /* LaunchScreen.storyboard */ = {
			isa = PBXVariantGroup;
			children = (
				1891DA8327FA191900345285 /* Base */,
			);
			name = LaunchScreen.storyboard;
			sourceTree = "<group>";
		};
/* End PBXVariantGroup section */

/* Begin XCBuildConfiguration section */
		1891DA8627FA191900345285 /* Debug */ = {
			isa = XCBuildConfiguration;
			buildSettings = {
				ALWAYS_SEARCH_USER_PATHS = NO;
				CLANG_ANALYZER_NONNULL = YES;
				CLANG_ANALYZER_NUMBER_OBJECT_CONVERSION = YES_AGGRESSIVE;
				CLANG_CXX_LANGUAGE_STANDARD = "gnu++17";
				CLANG_CXX_LIBRARY = "libc++";
				CLANG_ENABLE_MODULES = YES;
				CLANG_ENABLE_OBJC_ARC = YES;
				CLANG_ENABLE_OBJC_WEAK = YES;
				CLANG_WARN_BLOCK_CAPTURE_AUTORELEASING = YES;
				CLANG_WARN_BOOL_CONVERSION = YES;
				CLANG_WARN_COMMA = YES;
				CLANG_WARN_CONSTANT_CONVERSION = YES;
				CLANG_WARN_DEPRECATED_OBJC_IMPLEMENTATIONS = YES;
				CLANG_WARN_DIRECT_OBJC_ISA_USAGE = YES_ERROR;
				CLANG_WARN_DOCUMENTATION_COMMENTS = YES;
				CLANG_WARN_EMPTY_BODY = YES;
				CLANG_WARN_ENUM_CONVERSION = YES;
				CLANG_WARN_INFINITE_RECURSION = YES;
				CLANG_WARN_INT_CONVERSION = YES;
				CLANG_WARN_NON_LITERAL_NULL_CONVERSION = YES;
				CLANG_WARN_OBJC_IMPLICIT_RETAIN_SELF = YES;
				CLANG_WARN_OBJC_LITERAL_CONVERSION = YES;
				CLANG_WARN_OBJC_ROOT_CLASS = YES_ERROR;
				CLANG_WARN_QUOTED_INCLUDE_IN_FRAMEWORK_HEADER = YES;
				CLANG_WARN_RANGE_LOOP_ANALYSIS = YES;
				CLANG_WARN_STRICT_PROTOTYPES = YES;
				CLANG_WARN_SUSPICIOUS_MOVE = YES;
				CLANG_WARN_UNGUARDED_AVAILABILITY = YES_AGGRESSIVE;
				CLANG_WARN_UNREACHABLE_CODE = YES;
				CLANG_WARN__DUPLICATE_METHOD_MATCH = YES;
				COPY_PHASE_STRIP = NO;
				DEBUG_INFORMATION_FORMAT = dwarf;
				ENABLE_STRICT_OBJC_MSGSEND = YES;
				ENABLE_TESTABILITY = YES;
				GCC_C_LANGUAGE_STANDARD = gnu11;
				GCC_DYNAMIC_NO_PIC = NO;
				GCC_NO_COMMON_BLOCKS = YES;
				GCC_OPTIMIZATION_LEVEL = 0;
				GCC_PREPROCESSOR_DEFINITIONS = (
					"DEBUG=1",
					"$(inherited)",
				);
				GCC_WARN_64_TO_32_BIT_CONVERSION = YES;
				GCC_WARN_ABOUT_RETURN_TYPE = YES_ERROR;
				GCC_WARN_UNDECLARED_SELECTOR = YES;
				GCC_WARN_UNINITIALIZED_AUTOS = YES_AGGRESSIVE;
				GCC_WARN_UNUSED_FUNCTION = YES;
				GCC_WARN_UNUSED_VARIABLE = YES;
				IPHONEOS_DEPLOYMENT_TARGET = 15.2;
				MTL_ENABLE_DEBUG_INFO = INCLUDE_SOURCE;
				MTL_FAST_MATH = YES;
				ONLY_ACTIVE_ARCH = YES;
				SDKROOT = iphoneos;
				SWIFT_ACTIVE_COMPILATION_CONDITIONS = DEBUG;
				SWIFT_OPTIMIZATION_LEVEL = "-Onone";
			};
			name = Debug;
		};
		1891DA8727FA191900345285 /* Release */ = {
			isa = XCBuildConfiguration;
			buildSettings = {
				ALWAYS_SEARCH_USER_PATHS = NO;
				CLANG_ANALYZER_NONNULL = YES;
				CLANG_ANALYZER_NUMBER_OBJECT_CONVERSION = YES_AGGRESSIVE;
				CLANG_CXX_LANGUAGE_STANDARD = "gnu++17";
				CLANG_CXX_LIBRARY = "libc++";
				CLANG_ENABLE_MODULES = YES;
				CLANG_ENABLE_OBJC_ARC = YES;
				CLANG_ENABLE_OBJC_WEAK = YES;
				CLANG_WARN_BLOCK_CAPTURE_AUTORELEASING = YES;
				CLANG_WARN_BOOL_CONVERSION = YES;
				CLANG_WARN_COMMA = YES;
				CLANG_WARN_CONSTANT_CONVERSION = YES;
				CLANG_WARN_DEPRECATED_OBJC_IMPLEMENTATIONS = YES;
				CLANG_WARN_DIRECT_OBJC_ISA_USAGE = YES_ERROR;
				CLANG_WARN_DOCUMENTATION_COMMENTS = YES;
				CLANG_WARN_EMPTY_BODY = YES;
				CLANG_WARN_ENUM_CONVERSION = YES;
				CLANG_WARN_INFINITE_RECURSION = YES;
				CLANG_WARN_INT_CONVERSION = YES;
				CLANG_WARN_NON_LITERAL_NULL_CONVERSION = YES;
				CLANG_WARN_OBJC_IMPLICIT_RETAIN_SELF = YES;
				CLANG_WARN_OBJC_LITERAL_CONVERSION = YES;
				CLANG_WARN_OBJC_ROOT_CLASS = YES_ERROR;
				CLANG_WARN_QUOTED_INCLUDE_IN_FRAMEWORK_HEADER = YES;
				CLANG_WARN_RANGE_LOOP_ANALYSIS = YES;
				CLANG_WARN_STRICT_PROTOTYPES = YES;
				CLANG_WARN_SUSPICIOUS_MOVE = YES;
				CLANG_WARN_UNGUARDED_AVAILABILITY = YES_AGGRESSIVE;
				CLANG_WARN_UNREACHABLE_CODE = YES;
				CLANG_WARN__DUPLICATE_METHOD_MATCH = YES;
				COPY_PHASE_STRIP = NO;
				DEBUG_INFORMATION_FORMAT = "dwarf-with-dsym";
				ENABLE_NS_ASSERTIONS = NO;
				ENABLE_STRICT_OBJC_MSGSEND = YES;
				GCC_C_LANGUAGE_STANDARD = gnu11;
				GCC_NO_COMMON_BLOCKS = YES;
				GCC_WARN_64_TO_32_BIT_CONVERSION = YES;
				GCC_WARN_ABOUT_RETURN_TYPE = YES_ERROR;
				GCC_WARN_UNDECLARED_SELECTOR = YES;
				GCC_WARN_UNINITIALIZED_AUTOS = YES_AGGRESSIVE;
				GCC_WARN_UNUSED_FUNCTION = YES;
				GCC_WARN_UNUSED_VARIABLE = YES;
				IPHONEOS_DEPLOYMENT_TARGET = 15.2;
				MTL_ENABLE_DEBUG_INFO = NO;
				MTL_FAST_MATH = YES;
				SDKROOT = iphoneos;
				SWIFT_COMPILATION_MODE = wholemodule;
				SWIFT_OPTIMIZATION_LEVEL = "-O";
				VALIDATE_PRODUCT = YES;
			};
			name = Release;
		};
		1891DA8927FA191900345285 /* Debug */ = {
			isa = XCBuildConfiguration;
			baseConfigurationReference = 24C4650C1FE6655F3A3F695D /* Pods-Weather365.debug.xcconfig */;
			buildSettings = {
				ASSETCATALOG_COMPILER_APPICON_NAME = AppIcon;
				ASSETCATALOG_COMPILER_GLOBAL_ACCENT_COLOR_NAME = AccentColor;
				CODE_SIGN_STYLE = Automatic;
				CURRENT_PROJECT_VERSION = 1;
				GENERATE_INFOPLIST_FILE = YES;
				INFOPLIST_FILE = Weather365/Info.plist;
				INFOPLIST_KEY_UIApplicationSupportsIndirectInputEvents = YES;
				INFOPLIST_KEY_UILaunchStoryboardName = LaunchScreen;
				INFOPLIST_KEY_UIMainStoryboardFile = Main;
				INFOPLIST_KEY_UISupportedInterfaceOrientations_iPad = "UIInterfaceOrientationPortrait UIInterfaceOrientationPortraitUpsideDown UIInterfaceOrientationLandscapeLeft UIInterfaceOrientationLandscapeRight";
				INFOPLIST_KEY_UISupportedInterfaceOrientations_iPhone = "UIInterfaceOrientationPortrait UIInterfaceOrientationLandscapeLeft UIInterfaceOrientationLandscapeRight";
				LD_RUNPATH_SEARCH_PATHS = (
					"$(inherited)",
					"@executable_path/Frameworks",
				);
				MARKETING_VERSION = 1.0;
				PRODUCT_BUNDLE_IDENTIFIER = edu.northeastern.she0930she.Weather365;
				PRODUCT_NAME = "$(TARGET_NAME)";
				SWIFT_EMIT_LOC_STRINGS = YES;
				SWIFT_VERSION = 5.0;
				TARGETED_DEVICE_FAMILY = "1,2";
			};
			name = Debug;
		};
		1891DA8A27FA191900345285 /* Release */ = {
			isa = XCBuildConfiguration;
			baseConfigurationReference = 611E477ACD38951B0C25E07F /* Pods-Weather365.release.xcconfig */;
			buildSettings = {
				ASSETCATALOG_COMPILER_APPICON_NAME = AppIcon;
				ASSETCATALOG_COMPILER_GLOBAL_ACCENT_COLOR_NAME = AccentColor;
				CODE_SIGN_STYLE = Automatic;
				CURRENT_PROJECT_VERSION = 1;
				GENERATE_INFOPLIST_FILE = YES;
				INFOPLIST_FILE = Weather365/Info.plist;
				INFOPLIST_KEY_UIApplicationSupportsIndirectInputEvents = YES;
				INFOPLIST_KEY_UILaunchStoryboardName = LaunchScreen;
				INFOPLIST_KEY_UIMainStoryboardFile = Main;
				INFOPLIST_KEY_UISupportedInterfaceOrientations_iPad = "UIInterfaceOrientationPortrait UIInterfaceOrientationPortraitUpsideDown UIInterfaceOrientationLandscapeLeft UIInterfaceOrientationLandscapeRight";
				INFOPLIST_KEY_UISupportedInterfaceOrientations_iPhone = "UIInterfaceOrientationPortrait UIInterfaceOrientationLandscapeLeft UIInterfaceOrientationLandscapeRight";
				LD_RUNPATH_SEARCH_PATHS = (
					"$(inherited)",
					"@executable_path/Frameworks",
				);
				MARKETING_VERSION = 1.0;
				PRODUCT_BUNDLE_IDENTIFIER = edu.northeastern.she0930she.Weather365;
				PRODUCT_NAME = "$(TARGET_NAME)";
				SWIFT_EMIT_LOC_STRINGS = YES;
				SWIFT_VERSION = 5.0;
				TARGETED_DEVICE_FAMILY = "1,2";
			};
			name = Release;
		};
/* End XCBuildConfiguration section */

/* Begin XCConfigurationList section */
		1891DA6F27FA191200345285 /* Build configuration list for PBXProject "Weather365" */ = {
			isa = XCConfigurationList;
			buildConfigurations = (
				1891DA8627FA191900345285 /* Debug */,
				1891DA8727FA191900345285 /* Release */,
			);
			defaultConfigurationIsVisible = 0;
			defaultConfigurationName = Release;
		};
		1891DA8827FA191900345285 /* Build configuration list for PBXNativeTarget "Weather365" */ = {
			isa = XCConfigurationList;
			buildConfigurations = (
				1891DA8927FA191900345285 /* Debug */,
				1891DA8A27FA191900345285 /* Release */,
			);
			defaultConfigurationIsVisible = 0;
			defaultConfigurationName = Release;
		};
/* End XCConfigurationList section */
	};
	rootObject = 1891DA6C27FA191200345285 /* Project object */;
}
